
Microsoft Visual Studio Solution File, Format Version 12.00
# Visual Studio 15
VisualStudioVersion = 15.0.27703.2000
MinimumVisualStudioVersion = 10.0.40219.1
Project("{FAE04EC0-301F-11D3-BF4B-00C04F79EFBC}") = "MVC-design-pattern", "MVC-design-pattern\MVC-design-pattern.csproj", "{5D7E35BA-2735-4204-957F-14BC592CDD6D}"
EndProject
Project("{FAE04EC0-301F-11D3-BF4B-00C04F79EFBC}") = "MVC.DAL", "MVC.DAL\MVC.DAL.csproj", "{CD2062BC-AFCF-4F15-BCFD-2A1AA3A47328}"
EndProject
Global
	GlobalSection(SolutionConfigurationPlatforms) = preSolution
		Debug|Any CPU = Debug|Any CPU
		Release|Any CPU = Release|Any CPU
	EndGlobalSection
	GlobalSection(ProjectConfigurationPlatforms) = postSolution
		{5D7E35BA-2735-4204-957F-14BC592CDD6D}.Debug|Any CPU.ActiveCfg = Debug|Any CPU
		{5D7E35BA-2735-4204-957F-14BC592CDD6D}.Debug|Any CPU.Build.0 = Debug|Any CPU
		{5D7E35BA-2735-4204-957F-14BC592CDD6D}.Release|Any CPU.ActiveCfg = Release|Any CPU
		{5D7E35BA-2735-4204-957F-14BC592CDD6D}.Release|Any CPU.Build.0 = Release|Any CPU
		{CD2062BC-AFCF-4F15-BCFD-2A1AA3A47328}.Debug|Any CPU.ActiveCfg = Debug|Any CPU
		{CD2062BC-AFCF-4F15-BCFD-2A1AA3A47328}.Debug|Any CPU.Build.0 = Debug|Any CPU
		{CD2062BC-AFCF-4F15-BCFD-2A1AA3A47328}.Release|Any CPU.ActiveCfg = Release|Any CPU
		{CD2062BC-AFCF-4F15-BCFD-2A1AA3A47328}.Release|Any CPU.Build.0 = Release|Any CPU
	EndGlobalSection
	GlobalSection(SolutionProperties) = preSolution
		HideSolutionNode = FALSE
	EndGlobalSection
	GlobalSection(ExtensibilityGlobals) = postSolution
		SolutionGuid = {C6B65A82-710E-4919-9DB2-76F97AE1CDC2}
	EndGlobalSection
EndGlobal
